
Microsoft Visual Studio Solution File, Format Version 12.00
# Visual Studio 15
VisualStudioVersion = 15.0.28010.2019
MinimumVisualStudioVersion = 10.0.40219.1
Project("{8BC9CEB8-8B4A-11D0-8D11-00A0C91BC942}") = "StudentManagementQuest", "StudentManagementQuest.vcxproj", "{02254ACB-D9D3-42A2-B00B-FE5162AE76CE}"
EndProject
Global
	GlobalSection(SolutionConfigurationPlatforms) = preSolution
		Debug|x64 = Debug|x64
		Debug|x86 = Debug|x86
		Release|x64 = Release|x64
		Release|x86 = Release|x86
	EndGlobalSection
	GlobalSection(ProjectConfigurationPlatforms) = postSolution
		{02254ACB-D9D3-42A2-B00B-FE5162AE76CE}.Debug|x64.ActiveCfg = Debug|x64
		{02254ACB-D9D3-42A2-B00B-FE5162AE76CE}.Debug|x64.Build.0 = Debug|x64
		{02254ACB-D9D3-42A2-B00B-FE5162AE76CE}.Debug|x86.ActiveCfg = Debug|Win32
		{02254ACB-D9D3-42A2-B00B-FE5162AE76CE}.Debug|x86.Build.0 = Debug|Win32
		{02254ACB-D9D3-42A2-B00B-FE5162AE76CE}.Release|x64.ActiveCfg = Release|x64
		{02254ACB-D9D3-42A2-B00B-FE5162AE76CE}.Release|x64.Build.0 = Release|x64
		{02254ACB-D9D3-42A2-B00B-FE5162AE76CE}.Release|x86.ActiveCfg = Release|Win32
		{02254ACB-D9D3-42A2-B00B-FE5162AE76CE}.Release|x86.Build.0 = Release|Win32
	EndGlobalSection
	GlobalSection(SolutionProperties) = preSolution
		HideSolutionNode = FALSE
	EndGlobalSection
	GlobalSection(ExtensibilityGlobals) = postSolution
		SolutionGuid = {B44828D9-6BD9-4D1A-ADA0-361A5EBAFD34}
	EndGlobalSection
EndGlobal
