<?xml version="1.0" encoding="utf-8"?>
<Project ToolsVersion="4.0" xmlns="http://schemas.microsoft.com/developer/msbuild/2003">
  <ItemGroup>
    <Filter Include="소스 파일">
      <UniqueIdentifier>{4FC737F1-C7A5-4376-A066-2A32D752A2FF}</UniqueIdentifier>
      <Extensions>cpp;c;cc;cxx;def;odl;idl;hpj;bat;asm;asmx</Extensions>
    </Filter>
    <Filter Include="헤더 파일">
      <UniqueIdentifier>{93995380-89BD-4b04-88EB-625FBE52EBFB}</UniqueIdentifier>
      <Extensions>h;hh;hpp;hxx;hm;inl;inc;ipp;xsd</Extensions>
    </Filter>
    <Filter Include="리소스 파일">
      <UniqueIdentifier>{67DA6AB6-F800-4c08-8B7A-83BB121AAD01}</UniqueIdentifier>
      <Extensions>rc;ico;cur;bmp;dlg;rc2;rct;bin;rgs;gif;jpg;jpeg;jpe;resx;tiff;tif;png;wav;mfcribbon-ms</Extensions>
    </Filter>
  </ItemGroup>
  <ItemGroup>
    <ClCompile Include="소스.cpp">
      <Filter>소스 파일</Filter>
    </ClCompile>
    <ClCompile Include="PictureApp.cpp">
      <Filter>소스 파일</Filter>
    </ClCompile>
    <ClCompile Include="Window.cpp">
      <Filter>소스 파일</Filter>
    </ClCompile>
    <ClCompile Include="WndClass.cpp">
      <Filter>소스 파일</Filter>
    </ClCompile>
  </ItemGroup>
  <ItemGroup>
    <ClInclude Include="resource.h">
      <Filter>헤더 파일</Filter>
    </ClInclude>
    <ClInclude Include="PictureApp.h">
      <Filter>헤더 파일</Filter>
    </ClInclude>
    <ClInclude Include="Window.h">
      <Filter>헤더 파일</Filter>
    </ClInclude>
    <ClInclude Include="WndClass.h">
      <Filter>헤더 파일</Filter>
    </ClInclude>
  </ItemGroup>
  <ItemGroup>
    <ResourceCompile Include="API_chapter_5.rc">
      <Filter>리소스 파일</Filter>
    </ResourceCompile>
  </ItemGroup>
  <ItemGroup>
    <Image Include="00.bmp">
      <Filter>리소스 파일</Filter>
    </Image>
    <Image Include="01.bmp">
      <Filter>리소스 파일</Filter>
    </Image>
    <Image Include="02.bmp">
      <Filter>리소스 파일</Filter>
    </Image>
    <Image Include="03.bmp">
      <Filter>리소스 파일</Filter>
    </Image>
    <Image Include="04.bmp">
      <Filter>리소스 파일</Filter>
    </Image>
    <Image Include="05.bmp">
      <Filter>리소스 파일</Filter>
    </Image>
    <Image Include="06.bmp">
      <Filter>리소스 파일</Filter>
    </Image>
    <Image Include="07.bmp">
      <Filter>리소스 파일</Filter>
    </Image>
    <Image Include="08.bmp">
      <Filter>리소스 파일</Filter>
    </Image>
    <Image Include="09.bmp">
      <Filter>리소스 파일</Filter>
    </Image>
    <Image Include="back.bmp">
      <Filter>리소스 파일</Filter>
    </Image>
  </ItemGroup>
</Project>