
Microsoft Visual Studio Solution File, Format Version 12.00
# Visual Studio 15
VisualStudioVersion = 15.0.28307.438
MinimumVisualStudioVersion = 10.0.40219.1
Project("{8BC9CEB8-8B4A-11D0-8D11-00A0C91BC942}") = "API_chapter_5", "API_chapter_5\API_chapter_5.vcxproj", "{F2E8FF5D-5911-4F24-895F-56D4C2F92872}"
EndProject
Global
	GlobalSection(SolutionConfigurationPlatforms) = preSolution
		Debug|x64 = Debug|x64
		Debug|x86 = Debug|x86
		Release|x64 = Release|x64
		Release|x86 = Release|x86
	EndGlobalSection
	GlobalSection(ProjectConfigurationPlatforms) = postSolution
		{F2E8FF5D-5911-4F24-895F-56D4C2F92872}.Debug|x64.ActiveCfg = Debug|x64
		{F2E8FF5D-5911-4F24-895F-56D4C2F92872}.Debug|x64.Build.0 = Debug|x64
		{F2E8FF5D-5911-4F24-895F-56D4C2F92872}.Debug|x86.ActiveCfg = Debug|Win32
		{F2E8FF5D-5911-4F24-895F-56D4C2F92872}.Debug|x86.Build.0 = Debug|Win32
		{F2E8FF5D-5911-4F24-895F-56D4C2F92872}.Release|x64.ActiveCfg = Release|x64
		{F2E8FF5D-5911-4F24-895F-56D4C2F92872}.Release|x64.Build.0 = Release|x64
		{F2E8FF5D-5911-4F24-895F-56D4C2F92872}.Release|x86.ActiveCfg = Release|Win32
		{F2E8FF5D-5911-4F24-895F-56D4C2F92872}.Release|x86.Build.0 = Release|Win32
	EndGlobalSection
	GlobalSection(SolutionProperties) = preSolution
		HideSolutionNode = FALSE
	EndGlobalSection
	GlobalSection(ExtensibilityGlobals) = postSolution
		SolutionGuid = {E2208E46-2A1D-426A-8212-FB44A02A77EF}
	EndGlobalSection
EndGlobal
